
Microsoft Visual Studio Solution File, Format Version 12.00
# Visual Studio Version 16
VisualStudioVersion = 16.0.31112.23
MinimumVisualStudioVersion = 10.0.40219.1
Project("{2150E333-8FDC-42A3-9474-1A3956D46DE8}") = "Single.File.Publish", "Single.File.Publish", "{E10902CA-2394-496E-A7F3-70C7CEFFA491}"
EndProject
Project("{9A19103F-16F7-4668-BE54-9A1E7A4F7556}") = "ChatClient", "Single.File.Publish\src\ChatClient\ChatClient.csproj", "{C2D4EEC7-B8D3-440E-A2C8-C649AB5B91BF}"
EndProject
Project("{9A19103F-16F7-4668-BE54-9A1E7A4F7556}") = "ChatMessages", "Single.File.Publish\src\ChatMessages\ChatMessages.csproj", "{756DDA27-6C2D-4CFC-90AB-F80AA6B0D7BE}"
EndProject
Project("{9A19103F-16F7-4668-BE54-9A1E7A4F7556}") = "ChatServer", "Single.File.Publish\src\ChatServer\ChatServer.csproj", "{DF7A1848-32A3-43AA-AA19-7E24025FA4B5}"
EndProject
Project("{9A19103F-16F7-4668-BE54-9A1E7A4F7556}") = "Simple.Cluster", "Simple.Cluster\Simple.Cluster.csproj", "{D5B1FFB0-9566-4C79-B356-E142A8524BC4}"
EndProject
Project("{2150E333-8FDC-42A3-9474-1A3956D46DE8}") = "Persistence", "Persistence", "{7C2E747D-B23D-4516-8E3E-76D46141FA5C}"
EndProject
Project("{FAE04EC0-301F-11D3-BF4B-00C04F79EFBC}") = "Azure", "Persistence\Azure\Azure.csproj", "{1A1236AF-63E9-429D-AA68-247B718773D2}"
EndProject
Project("{2150E333-8FDC-42A3-9474-1A3956D46DE8}") = "Distributed.PubSub", "Distributed.PubSub", "{FDDD716E-542B-49C7-9EC5-7FB7E73E9F24}"
EndProject
Project("{FAE04EC0-301F-11D3-BF4B-00C04F79EFBC}") = "PubSub.Messages", "Distributed.PubSub\PubSub.Messages\PubSub.Messages.csproj", "{38FAAD1F-672F-4E8C-9F0B-258F7B5D45E5}"
EndProject
Project("{FAE04EC0-301F-11D3-BF4B-00C04F79EFBC}") = "PubSub.Server", "Distributed.PubSub\PubSub.Server\PubSub.Server.csproj", "{60C22234-4590-42E8-82A0-63B2AA5C95E7}"
EndProject
Project("{FAE04EC0-301F-11D3-BF4B-00C04F79EFBC}") = "PubSub.Client", "Distributed.PubSub\PubSub.Client\PubSub.Client.csproj", "{FD7753C4-5124-48CC-A5A7-21A7E1F02BCC}"
EndProject
Project("{2150E333-8FDC-42A3-9474-1A3956D46DE8}") = "Simple.Cluster.Sharding", "Simple.Cluster.Sharding", "{948E1C3E-C486-4425-AAEE-A4F29B407D5B}"
EndProject
Project("{FAE04EC0-301F-11D3-BF4B-00C04F79EFBC}") = "ShardingNode", "Simple.Cluster.Sharding\ShardingNode\ShardingNode.csproj", "{DAF01951-98E5-425F-B637-7EDF1F3ABB13}"
EndProject
Project("{FAE04EC0-301F-11D3-BF4B-00C04F79EFBC}") = "SharedLibrary", "Simple.Cluster.Sharding\SharedLibrary\SharedLibrary.csproj", "{D8CCF439-BFC3-4814-8708-239E37137BD8}"
EndProject
Project("{FAE04EC0-301F-11D3-BF4B-00C04F79EFBC}") = "ClusterSharding.Node", "Simple.Cluster.Sharding\ClusterSharding.Node\ClusterSharding.Node.csproj", "{05389CF0-85C5-4A9C-8CD5-92D7937ADBAA}"
EndProject
Project("{2150E333-8FDC-42A3-9474-1A3956D46DE8}") = "Akka.Hosting", "Akka.Hosting", "{74C01B2D-2DDA-497C-8F4F-C009CBD853DC}"
EndProject
Project("{FAE04EC0-301F-11D3-BF4B-00C04F79EFBC}") = "HostedService", "Akka.Hosting\HostedService\HostedService.csproj", "{FFDE1356-8EB0-443E-B87D-4DF2DB682F1F}"
EndProject
Project("{2150E333-8FDC-42A3-9474-1A3956D46DE8}") = "ClusterClient", "ClusterClient", "{DFB4DEA1-6B78-4777-BE97-A88E85E1B7D1}"
EndProject
Project("{FAE04EC0-301F-11D3-BF4B-00C04F79EFBC}") = "Sample.Cluster", "ClusterClient\Sample.Cluster\Sample.Cluster.csproj", "{214181EA-2C0F-4815-B1D2-DC589601571B}"
EndProject
Project("{FAE04EC0-301F-11D3-BF4B-00C04F79EFBC}") = "Sample.Shared", "ClusterClient\Sample.Shared\Sample.Shared.csproj", "{732BAB76-59BD-4B7D-B6C5-A82721E62F15}"
EndProject
Project("{FAE04EC0-301F-11D3-BF4B-00C04F79EFBC}") = "Sample.Client", "ClusterClient\Sample.Client\Sample.Client.csproj", "{4E1BF8CF-F355-4F44-869F-5D846FD894FD}"
EndProject
Global
	GlobalSection(SolutionConfigurationPlatforms) = preSolution
		Debug|Any CPU = Debug|Any CPU
		Release|Any CPU = Release|Any CPU
	EndGlobalSection
	GlobalSection(ProjectConfigurationPlatforms) = postSolution
		{C2D4EEC7-B8D3-440E-A2C8-C649AB5B91BF}.Debug|Any CPU.ActiveCfg = Debug|Any CPU
		{C2D4EEC7-B8D3-440E-A2C8-C649AB5B91BF}.Debug|Any CPU.Build.0 = Debug|Any CPU
		{C2D4EEC7-B8D3-440E-A2C8-C649AB5B91BF}.Release|Any CPU.ActiveCfg = Release|Any CPU
		{C2D4EEC7-B8D3-440E-A2C8-C649AB5B91BF}.Release|Any CPU.Build.0 = Release|Any CPU
		{756DDA27-6C2D-4CFC-90AB-F80AA6B0D7BE}.Debug|Any CPU.ActiveCfg = Debug|Any CPU
		{756DDA27-6C2D-4CFC-90AB-F80AA6B0D7BE}.Debug|Any CPU.Build.0 = Debug|Any CPU
		{756DDA27-6C2D-4CFC-90AB-F80AA6B0D7BE}.Release|Any CPU.ActiveCfg = Release|Any CPU
		{756DDA27-6C2D-4CFC-90AB-F80AA6B0D7BE}.Release|Any CPU.Build.0 = Release|Any CPU
		{DF7A1848-32A3-43AA-AA19-7E24025FA4B5}.Debug|Any CPU.ActiveCfg = Debug|Any CPU
		{DF7A1848-32A3-43AA-AA19-7E24025FA4B5}.Debug|Any CPU.Build.0 = Debug|Any CPU
		{DF7A1848-32A3-43AA-AA19-7E24025FA4B5}.Release|Any CPU.ActiveCfg = Release|Any CPU
		{DF7A1848-32A3-43AA-AA19-7E24025FA4B5}.Release|Any CPU.Build.0 = Release|Any CPU
		{D5B1FFB0-9566-4C79-B356-E142A8524BC4}.Debug|Any CPU.ActiveCfg = Debug|Any CPU
		{D5B1FFB0-9566-4C79-B356-E142A8524BC4}.Debug|Any CPU.Build.0 = Debug|Any CPU
		{D5B1FFB0-9566-4C79-B356-E142A8524BC4}.Release|Any CPU.ActiveCfg = Release|Any CPU
		{D5B1FFB0-9566-4C79-B356-E142A8524BC4}.Release|Any CPU.Build.0 = Release|Any CPU
		{1A1236AF-63E9-429D-AA68-247B718773D2}.Debug|Any CPU.ActiveCfg = Debug|Any CPU
		{1A1236AF-63E9-429D-AA68-247B718773D2}.Debug|Any CPU.Build.0 = Debug|Any CPU
		{1A1236AF-63E9-429D-AA68-247B718773D2}.Release|Any CPU.ActiveCfg = Release|Any CPU
		{1A1236AF-63E9-429D-AA68-247B718773D2}.Release|Any CPU.Build.0 = Release|Any CPU
		{38FAAD1F-672F-4E8C-9F0B-258F7B5D45E5}.Debug|Any CPU.ActiveCfg = Debug|Any CPU
		{38FAAD1F-672F-4E8C-9F0B-258F7B5D45E5}.Debug|Any CPU.Build.0 = Debug|Any CPU
		{38FAAD1F-672F-4E8C-9F0B-258F7B5D45E5}.Release|Any CPU.ActiveCfg = Release|Any CPU
		{38FAAD1F-672F-4E8C-9F0B-258F7B5D45E5}.Release|Any CPU.Build.0 = Release|Any CPU
		{60C22234-4590-42E8-82A0-63B2AA5C95E7}.Debug|Any CPU.ActiveCfg = Debug|Any CPU
		{60C22234-4590-42E8-82A0-63B2AA5C95E7}.Debug|Any CPU.Build.0 = Debug|Any CPU
		{60C22234-4590-42E8-82A0-63B2AA5C95E7}.Release|Any CPU.ActiveCfg = Release|Any CPU
		{60C22234-4590-42E8-82A0-63B2AA5C95E7}.Release|Any CPU.Build.0 = Release|Any CPU
		{FD7753C4-5124-48CC-A5A7-21A7E1F02BCC}.Debug|Any CPU.ActiveCfg = Debug|Any CPU
		{FD7753C4-5124-48CC-A5A7-21A7E1F02BCC}.Debug|Any CPU.Build.0 = Debug|Any CPU
		{FD7753C4-5124-48CC-A5A7-21A7E1F02BCC}.Release|Any CPU.ActiveCfg = Release|Any CPU
		{FD7753C4-5124-48CC-A5A7-21A7E1F02BCC}.Release|Any CPU.Build.0 = Release|Any CPU
		{DAF01951-98E5-425F-B637-7EDF1F3ABB13}.Debug|Any CPU.ActiveCfg = Debug|Any CPU
		{DAF01951-98E5-425F-B637-7EDF1F3ABB13}.Debug|Any CPU.Build.0 = Debug|Any CPU
		{DAF01951-98E5-425F-B637-7EDF1F3ABB13}.Release|Any CPU.ActiveCfg = Release|Any CPU
		{DAF01951-98E5-425F-B637-7EDF1F3ABB13}.Release|Any CPU.Build.0 = Release|Any CPU
		{D8CCF439-BFC3-4814-8708-239E37137BD8}.Debug|Any CPU.ActiveCfg = Debug|Any CPU
		{D8CCF439-BFC3-4814-8708-239E37137BD8}.Debug|Any CPU.Build.0 = Debug|Any CPU
		{D8CCF439-BFC3-4814-8708-239E37137BD8}.Release|Any CPU.ActiveCfg = Release|Any CPU
		{D8CCF439-BFC3-4814-8708-239E37137BD8}.Release|Any CPU.Build.0 = Release|Any CPU
		{05389CF0-85C5-4A9C-8CD5-92D7937ADBAA}.Debug|Any CPU.ActiveCfg = Debug|Any CPU
		{05389CF0-85C5-4A9C-8CD5-92D7937ADBAA}.Debug|Any CPU.Build.0 = Debug|Any CPU
		{05389CF0-85C5-4A9C-8CD5-92D7937ADBAA}.Release|Any CPU.ActiveCfg = Release|Any CPU
		{05389CF0-85C5-4A9C-8CD5-92D7937ADBAA}.Release|Any CPU.Build.0 = Release|Any CPU
		{FFDE1356-8EB0-443E-B87D-4DF2DB682F1F}.Debug|Any CPU.ActiveCfg = Debug|Any CPU
		{FFDE1356-8EB0-443E-B87D-4DF2DB682F1F}.Debug|Any CPU.Build.0 = Debug|Any CPU
		{FFDE1356-8EB0-443E-B87D-4DF2DB682F1F}.Release|Any CPU.ActiveCfg = Release|Any CPU
		{FFDE1356-8EB0-443E-B87D-4DF2DB682F1F}.Release|Any CPU.Build.0 = Release|Any CPU
		{214181EA-2C0F-4815-B1D2-DC589601571B}.Debug|Any CPU.ActiveCfg = Debug|Any CPU
		{214181EA-2C0F-4815-B1D2-DC589601571B}.Debug|Any CPU.Build.0 = Debug|Any CPU
		{214181EA-2C0F-4815-B1D2-DC589601571B}.Release|Any CPU.ActiveCfg = Release|Any CPU
		{214181EA-2C0F-4815-B1D2-DC589601571B}.Release|Any CPU.Build.0 = Release|Any CPU
		{732BAB76-59BD-4B7D-B6C5-A82721E62F15}.Debug|Any CPU.ActiveCfg = Debug|Any CPU
		{732BAB76-59BD-4B7D-B6C5-A82721E62F15}.Debug|Any CPU.Build.0 = Debug|Any CPU
		{732BAB76-59BD-4B7D-B6C5-A82721E62F15}.Release|Any CPU.ActiveCfg = Release|Any CPU
		{732BAB76-59BD-4B7D-B6C5-A82721E62F15}.Release|Any CPU.Build.0 = Release|Any CPU
		{4E1BF8CF-F355-4F44-869F-5D846FD894FD}.Debug|Any CPU.ActiveCfg = Debug|Any CPU
		{4E1BF8CF-F355-4F44-869F-5D846FD894FD}.Debug|Any CPU.Build.0 = Debug|Any CPU
		{4E1BF8CF-F355-4F44-869F-5D846FD894FD}.Release|Any CPU.ActiveCfg = Release|Any CPU
		{4E1BF8CF-F355-4F44-869F-5D846FD894FD}.Release|Any CPU.Build.0 = Release|Any CPU
	EndGlobalSection
	GlobalSection(SolutionProperties) = preSolution
		HideSolutionNode = FALSE
	EndGlobalSection
	GlobalSection(NestedProjects) = preSolution
		{C2D4EEC7-B8D3-440E-A2C8-C649AB5B91BF} = {E10902CA-2394-496E-A7F3-70C7CEFFA491}
		{756DDA27-6C2D-4CFC-90AB-F80AA6B0D7BE} = {E10902CA-2394-496E-A7F3-70C7CEFFA491}
		{DF7A1848-32A3-43AA-AA19-7E24025FA4B5} = {E10902CA-2394-496E-A7F3-70C7CEFFA491}
		{1A1236AF-63E9-429D-AA68-247B718773D2} = {7C2E747D-B23D-4516-8E3E-76D46141FA5C}
		{38FAAD1F-672F-4E8C-9F0B-258F7B5D45E5} = {FDDD716E-542B-49C7-9EC5-7FB7E73E9F24}
		{60C22234-4590-42E8-82A0-63B2AA5C95E7} = {FDDD716E-542B-49C7-9EC5-7FB7E73E9F24}
		{FD7753C4-5124-48CC-A5A7-21A7E1F02BCC} = {FDDD716E-542B-49C7-9EC5-7FB7E73E9F24}
		{DAF01951-98E5-425F-B637-7EDF1F3ABB13} = {948E1C3E-C486-4425-AAEE-A4F29B407D5B}
		{D8CCF439-BFC3-4814-8708-239E37137BD8} = {948E1C3E-C486-4425-AAEE-A4F29B407D5B}
		{05389CF0-85C5-4A9C-8CD5-92D7937ADBAA} = {948E1C3E-C486-4425-AAEE-A4F29B407D5B}
		{FFDE1356-8EB0-443E-B87D-4DF2DB682F1F} = {74C01B2D-2DDA-497C-8F4F-C009CBD853DC}
		{214181EA-2C0F-4815-B1D2-DC589601571B} = {DFB4DEA1-6B78-4777-BE97-A88E85E1B7D1}
		{732BAB76-59BD-4B7D-B6C5-A82721E62F15} = {DFB4DEA1-6B78-4777-BE97-A88E85E1B7D1}
		{4E1BF8CF-F355-4F44-869F-5D846FD894FD} = {DFB4DEA1-6B78-4777-BE97-A88E85E1B7D1}
	EndGlobalSection
	GlobalSection(ExtensibilityGlobals) = postSolution
		SolutionGuid = {5640AAAB-BEAA-4853-B001-5D6168E5498C}
	EndGlobalSection
EndGlobal
